
Microsoft Visual Studio Solution File, Format Version 12.00
# Visual Studio Version 17
VisualStudioVersion = 17.8.34525.116
MinimumVisualStudioVersion = 10.0.40219.1
Project("{FAE04EC0-301F-11D3-BF4B-00C04F79EFBC}") = "Nije Magla API", "Nije Magla API.csproj", "{59999639-F1E3-4F3E-AA4A-AE42C4C9A330}"
EndProject
Global
	GlobalSection(SolutionConfigurationPlatforms) = preSolution
		Debug|Any CPU = Debug|Any CPU
		Release|Any CPU = Release|Any CPU
	EndGlobalSection
	GlobalSection(ProjectConfigurationPlatforms) = postSolution
		{59999639-F1E3-4F3E-AA4A-AE42C4C9A330}.Debug|Any CPU.ActiveCfg = Debug|Any CPU
		{59999639-F1E3-4F3E-AA4A-AE42C4C9A330}.Debug|Any CPU.Build.0 = Debug|Any CPU
		{59999639-F1E3-4F3E-AA4A-AE42C4C9A330}.Release|Any CPU.ActiveCfg = Release|Any CPU
		{59999639-F1E3-4F3E-AA4A-AE42C4C9A330}.Release|Any CPU.Build.0 = Release|Any CPU
	EndGlobalSection
	GlobalSection(SolutionProperties) = preSolution
		HideSolutionNode = FALSE
	EndGlobalSection
	GlobalSection(ExtensibilityGlobals) = postSolution
		SolutionGuid = {057BE9C5-F105-480A-BE21-66E14CEEE00B}
	EndGlobalSection
EndGlobal
